Microsoft Visual Studio Solution File, Format Version 12.00
# Visual Studio 15
VisualStudioVersion = 15.0.28307.539
MinimumVisualStudioVersion = 10.0.40219.1
Project("{FAE04EC0-301F-11D3-BF4B-00C04F79EFBC}") = "MacUI", "MacUI\MacUI.csproj", "{AD15BD1A-05D8-4D12-920C-86CE2E1D6657}"
EndProject
Project("{9A19103F-16F7-4668-BE54-9A1E7A4F7556}") = "FontysMadeSteam.DAL", "FontysMadeSteam.DAL\FontysMadeSteam.DAL.csproj", "{31DB58DD-0CBA-4690-9B75-D44F425BF22E}"
EndProject
Project("{9A19103F-16F7-4668-BE54-9A1E7A4F7556}") = "FontysMadeSteam.Logic", "FontysMadeSteam.Logic\FontysMadeSteam.Logic.csproj", "{195D83A6-49F6-490F-B3C1-43D1A5BDC503}"
EndProject
Project("{9A19103F-16F7-4668-BE54-9A1E7A4F7556}") = "FontysMadeSteam.Model", "FontysMadeSteam.Model\FontysMadeSteam.Model.csproj", "{A49E34C8-2FE1-4F49-A004-D91DF56D3FB1}"
EndProject
Project("{9A19103F-16F7-4668-BE54-9A1E7A4F7556}") = "FontysMadeSteam.Interface", "FontysMadeSteam.Interface\FontysMadeSteam.Interface.csproj", "{FE2847FF-7CDD-4C15-85D3-A48A57C31DE6}"
EndProject
Project("{9A19103F-16F7-4668-BE54-9A1E7A4F7556}") = "FontysMadeSteam.UnitTest", "FontysMadeSteam.UnitTest\FontysMadeSteam.UnitTest.csproj", "{3C59ECED-45BE-4A86-B46C-231B797BEABC}"
EndProject
Project("{FAE04EC0-301F-11D3-BF4B-00C04F79EFBC}") = "FontysMadeSteam.WindowsUI", "FontysMadeSteam.WindowsUI\FontysMadeSteam.WindowsUI.csproj", "{517E770C-5197-4B6E-9FDD-0033642FB2A0}"
EndProject
Global
	GlobalSection(SolutionConfigurationPlatforms) = preSolution
		Debug|Any CPU = Debug|Any CPU
		Debug|ARM = Debug|ARM
		Debug|ARM64 = Debug|ARM64
		Debug|x64 = Debug|x64
		Debug|x86 = Debug|x86
		egg|Any CPU = egg|Any CPU
		egg|ARM = egg|ARM
		egg|ARM64 = egg|ARM64
		egg|x64 = egg|x64
		egg|x86 = egg|x86
		Release|Any CPU = Release|Any CPU
		Release|ARM = Release|ARM
		Release|ARM64 = Release|ARM64
		Release|x64 = Release|x64
		Release|x86 = Release|x86
	EndGlobalSection
	GlobalSection(ProjectConfigurationPlatforms) = postSolution
		{AD15BD1A-05D8-4D12-920C-86CE2E1D6657}.Debug|Any CPU.ActiveCfg = Debug|Any CPU
		{AD15BD1A-05D8-4D12-920C-86CE2E1D6657}.Debug|Any CPU.Build.0 = Debug|Any CPU
		{AD15BD1A-05D8-4D12-920C-86CE2E1D6657}.Debug|ARM.ActiveCfg = Debug|Any CPU
		{AD15BD1A-05D8-4D12-920C-86CE2E1D6657}.Debug|ARM64.ActiveCfg = Debug|Any CPU
		{AD15BD1A-05D8-4D12-920C-86CE2E1D6657}.Debug|x64.ActiveCfg = Debug|Any CPU
		{AD15BD1A-05D8-4D12-920C-86CE2E1D6657}.Debug|x86.ActiveCfg = Debug|Any CPU
		{AD15BD1A-05D8-4D12-920C-86CE2E1D6657}.egg|Any CPU.ActiveCfg = Release|Any CPU
		{AD15BD1A-05D8-4D12-920C-86CE2E1D6657}.egg|ARM.ActiveCfg = Release|Any CPU
		{AD15BD1A-05D8-4D12-920C-86CE2E1D6657}.egg|ARM64.ActiveCfg = Release|Any CPU
		{AD15BD1A-05D8-4D12-920C-86CE2E1D6657}.egg|x64.ActiveCfg = Release|Any CPU
		{AD15BD1A-05D8-4D12-920C-86CE2E1D6657}.egg|x86.ActiveCfg = Release|Any CPU
		{AD15BD1A-05D8-4D12-920C-86CE2E1D6657}.Release|Any CPU.ActiveCfg = Release|Any CPU
		{AD15BD1A-05D8-4D12-920C-86CE2E1D6657}.Release|Any CPU.Build.0 = Release|Any CPU
		{AD15BD1A-05D8-4D12-920C-86CE2E1D6657}.Release|ARM.ActiveCfg = Release|Any CPU
		{AD15BD1A-05D8-4D12-920C-86CE2E1D6657}.Release|ARM64.ActiveCfg = Release|Any CPU
		{AD15BD1A-05D8-4D12-920C-86CE2E1D6657}.Release|x64.ActiveCfg = Release|Any CPU
		{AD15BD1A-05D8-4D12-920C-86CE2E1D6657}.Release|x86.ActiveCfg = Release|Any CPU
		{31DB58DD-0CBA-4690-9B75-D44F425BF22E}.Debug|Any CPU.ActiveCfg = Debug|Any CPU
		{31DB58DD-0CBA-4690-9B75-D44F425BF22E}.Debug|Any CPU.Build.0 = Debug|Any CPU
		{31DB58DD-0CBA-4690-9B75-D44F425BF22E}.Debug|ARM.ActiveCfg = Debug|Any CPU
		{31DB58DD-0CBA-4690-9B75-D44F425BF22E}.Debug|ARM.Build.0 = Debug|Any CPU
		{31DB58DD-0CBA-4690-9B75-D44F425BF22E}.Debug|ARM64.ActiveCfg = Debug|Any CPU
		{31DB58DD-0CBA-4690-9B75-D44F425BF22E}.Debug|ARM64.Build.0 = Debug|Any CPU
		{31DB58DD-0CBA-4690-9B75-D44F425BF22E}.Debug|x64.ActiveCfg = Debug|Any CPU
		{31DB58DD-0CBA-4690-9B75-D44F425BF22E}.Debug|x64.Build.0 = Debug|Any CPU
		{31DB58DD-0CBA-4690-9B75-D44F425BF22E}.Debug|x86.ActiveCfg = Debug|Any CPU
		{31DB58DD-0CBA-4690-9B75-D44F425BF22E}.Debug|x86.Build.0 = Debug|Any CPU
		{31DB58DD-0CBA-4690-9B75-D44F425BF22E}.egg|Any CPU.ActiveCfg = Debug|Any CPU
		{31DB58DD-0CBA-4690-9B75-D44F425BF22E}.egg|Any CPU.Build.0 = Debug|Any CPU
		{31DB58DD-0CBA-4690-9B75-D44F425BF22E}.egg|ARM.ActiveCfg = Release|Any CPU
		{31DB58DD-0CBA-4690-9B75-D44F425BF22E}.egg|ARM.Build.0 = Release|Any CPU
		{31DB58DD-0CBA-4690-9B75-D44F425BF22E}.egg|ARM64.ActiveCfg = Release|Any CPU
		{31DB58DD-0CBA-4690-9B75-D44F425BF22E}.egg|ARM64.Build.0 = Release|Any CPU
		{31DB58DD-0CBA-4690-9B75-D44F425BF22E}.egg|x64.ActiveCfg = Release|Any CPU
		{31DB58DD-0CBA-4690-9B75-D44F425BF22E}.egg|x64.Build.0 = Release|Any CPU
		{31DB58DD-0CBA-4690-9B75-D44F425BF22E}.egg|x86.ActiveCfg = Release|Any CPU
		{31DB58DD-0CBA-4690-9B75-D44F425BF22E}.egg|x86.Build.0 = Release|Any CPU
		{31DB58DD-0CBA-4690-9B75-D44F425BF22E}.Release|Any CPU.ActiveCfg = Release|Any CPU
		{31DB58DD-0CBA-4690-9B75-D44F425BF22E}.Release|Any CPU.Build.0 = Release|Any CPU
		{31DB58DD-0CBA-4690-9B75-D44F425BF22E}.Release|ARM.ActiveCfg = Release|Any CPU
		{31DB58DD-0CBA-4690-9B75-D44F425BF22E}.Release|ARM.Build.0 = Release|Any CPU
		{31DB58DD-0CBA-4690-9B75-D44F425BF22E}.Release|ARM64.ActiveCfg = Release|Any CPU
		{31DB58DD-0CBA-4690-9B75-D44F425BF22E}.Release|ARM64.Build.0 = Release|Any CPU
		{31DB58DD-0CBA-4690-9B75-D44F425BF22E}.Release|x64.ActiveCfg = Release|Any CPU
		{31DB58DD-0CBA-4690-9B75-D44F425BF22E}.Release|x64.Build.0 = Release|Any CPU
		{31DB58DD-0CBA-4690-9B75-D44F425BF22E}.Release|x86.ActiveCfg = Release|Any CPU
		{31DB58DD-0CBA-4690-9B75-D44F425BF22E}.Release|x86.Build.0 = Release|Any CPU
		{195D83A6-49F6-490F-B3C1-43D1A5BDC503}.Debug|Any CPU.ActiveCfg = Debug|Any CPU
		{195D83A6-49F6-490F-B3C1-43D1A5BDC503}.Debug|Any CPU.Build.0 = Debug|Any CPU
		{195D83A6-49F6-490F-B3C1-43D1A5BDC503}.Debug|ARM.ActiveCfg = Debug|Any CPU
		{195D83A6-49F6-490F-B3C1-43D1A5BDC503}.Debug|ARM.Build.0 = Debug|Any CPU
		{195D83A6-49F6-490F-B3C1-43D1A5BDC503}.Debug|ARM64.ActiveCfg = Debug|Any CPU
		{195D83A6-49F6-490F-B3C1-43D1A5BDC503}.Debug|ARM64.Build.0 = Debug|Any CPU
		{195D83A6-49F6-490F-B3C1-43D1A5BDC503}.Debug|x64.ActiveCfg = Debug|Any CPU
		{195D83A6-49F6-490F-B3C1-43D1A5BDC503}.Debug|x64.Build.0 = Debug|Any CPU
		{195D83A6-49F6-490F-B3C1-43D1A5BDC503}.Debug|x86.ActiveCfg = Debug|Any CPU
		{195D83A6-49F6-490F-B3C1-43D1A5BDC503}.Debug|x86.Build.0 = Debug|Any CPU
		{195D83A6-49F6-490F-B3C1-43D1A5BDC503}.egg|Any CPU.ActiveCfg = Debug|Any CPU
		{195D83A6-49F6-490F-B3C1-43D1A5BDC503}.egg|Any CPU.Build.0 = Debug|Any CPU
		{195D83A6-49F6-490F-B3C1-43D1A5BDC503}.egg|ARM.ActiveCfg = Release|Any CPU
		{195D83A6-49F6-490F-B3C1-43D1A5BDC503}.egg|ARM.Build.0 = Release|Any CPU
		{195D83A6-49F6-490F-B3C1-43D1A5BDC503}.egg|ARM64.ActiveCfg = Release|Any CPU
		{195D83A6-49F6-490F-B3C1-43D1A5BDC503}.egg|ARM64.Build.0 = Release|Any CPU
		{195D83A6-49F6-490F-B3C1-43D1A5BDC503}.egg|x64.ActiveCfg = Release|Any CPU
		{195D83A6-49F6-490F-B3C1-43D1A5BDC503}.egg|x64.Build.0 = Release|Any CPU
		{195D83A6-49F6-490F-B3C1-43D1A5BDC503}.egg|x86.ActiveCfg = Release|Any CPU
		{195D83A6-49F6-490F-B3C1-43D1A5BDC503}.egg|x86.Build.0 = Release|Any CPU
		{195D83A6-49F6-490F-B3C1-43D1A5BDC503}.Release|Any CPU.ActiveCfg = Release|Any CPU
		{195D83A6-49F6-490F-B3C1-43D1A5BDC503}.Release|Any CPU.Build.0 = Release|Any CPU
		{195D83A6-49F6-490F-B3C1-43D1A5BDC503}.Release|ARM.ActiveCfg = Release|Any CPU
		{195D83A6-49F6-490F-B3C1-43D1A5BDC503}.Release|ARM.Build.0 = Release|Any CPU
		{195D83A6-49F6-490F-B3C1-43D1A5BDC503}.Release|ARM64.ActiveCfg = Release|Any CPU
		{195D83A6-49F6-490F-B3C1-43D1A5BDC503}.Release|ARM64.Build.0 = Release|Any CPU
		{195D83A6-49F6-490F-B3C1-43D1A5BDC503}.Release|x64.ActiveCfg = Release|Any CPU
		{195D83A6-49F6-490F-B3C1-43D1A5BDC503}.Release|x64.Build.0 = Release|Any CPU
		{195D83A6-49F6-490F-B3C1-43D1A5BDC503}.Release|x86.ActiveCfg = Release|Any CPU
		{195D83A6-49F6-490F-B3C1-43D1A5BDC503}.Release|x86.Build.0 = Release|Any CPU
		{A49E34C8-2FE1-4F49-A004-D91DF56D3FB1}.Debug|Any CPU.ActiveCfg = Debug|Any CPU
		{A49E34C8-2FE1-4F49-A004-D91DF56D3FB1}.Debug|Any CPU.Build.0 = Debug|Any CPU
		{A49E34C8-2FE1-4F49-A004-D91DF56D3FB1}.Debug|ARM.ActiveCfg = Debug|Any CPU
		{A49E34C8-2FE1-4F49-A004-D91DF56D3FB1}.Debug|ARM.Build.0 = Debug|Any CPU
		{A49E34C8-2FE1-4F49-A004-D91DF56D3FB1}.Debug|ARM64.ActiveCfg = Debug|Any CPU
		{A49E34C8-2FE1-4F49-A004-D91DF56D3FB1}.Debug|ARM64.Build.0 = Debug|Any CPU
		{A49E34C8-2FE1-4F49-A004-D91DF56D3FB1}.Debug|x64.ActiveCfg = Debug|Any CPU
		{A49E34C8-2FE1-4F49-A004-D91DF56D3FB1}.Debug|x64.Build.0 = Debug|Any CPU
		{A49E34C8-2FE1-4F49-A004-D91DF56D3FB1}.Debug|x86.ActiveCfg = Debug|Any CPU
		{A49E34C8-2FE1-4F49-A004-D91DF56D3FB1}.Debug|x86.Build.0 = Debug|Any CPU
		{A49E34C8-2FE1-4F49-A004-D91DF56D3FB1}.egg|Any CPU.ActiveCfg = Release|Any CPU
		{A49E34C8-2FE1-4F49-A004-D91DF56D3FB1}.egg|Any CPU.Build.0 = Release|Any CPU
		{A49E34C8-2FE1-4F49-A004-D91DF56D3FB1}.egg|ARM.ActiveCfg = Release|Any CPU
		{A49E34C8-2FE1-4F49-A004-D91DF56D3FB1}.egg|ARM.Build.0 = Release|Any CPU
		{A49E34C8-2FE1-4F49-A004-D91DF56D3FB1}.egg|ARM64.ActiveCfg = Release|Any CPU
		{A49E34C8-2FE1-4F49-A004-D91DF56D3FB1}.egg|ARM64.Build.0 = Release|Any CPU
		{A49E34C8-2FE1-4F49-A004-D91DF56D3FB1}.egg|x64.ActiveCfg = Release|Any CPU
		{A49E34C8-2FE1-4F49-A004-D91DF56D3FB1}.egg|x64.Build.0 = Release|Any CPU
		{A49E34C8-2FE1-4F49-A004-D91DF56D3FB1}.egg|x86.ActiveCfg = Release|Any CPU
		{A49E34C8-2FE1-4F49-A004-D91DF56D3FB1}.egg|x86.Build.0 = Release|Any CPU
		{A49E34C8-2FE1-4F49-A004-D91DF56D3FB1}.Release|Any CPU.ActiveCfg = Release|Any CPU
		{A49E34C8-2FE1-4F49-A004-D91DF56D3FB1}.Release|Any CPU.Build.0 = Release|Any CPU
		{A49E34C8-2FE1-4F49-A004-D91DF56D3FB1}.Release|ARM.ActiveCfg = Release|Any CPU
		{A49E34C8-2FE1-4F49-A004-D91DF56D3FB1}.Release|ARM.Build.0 = Release|Any CPU
		{A49E34C8-2FE1-4F49-A004-D91DF56D3FB1}.Release|ARM64.ActiveCfg = Release|Any CPU
		{A49E34C8-2FE1-4F49-A004-D91DF56D3FB1}.Release|ARM64.Build.0 = Release|Any CPU
		{A49E34C8-2FE1-4F49-A004-D91DF56D3FB1}.Release|x64.ActiveCfg = Release|Any CPU
		{A49E34C8-2FE1-4F49-A004-D91DF56D3FB1}.Release|x64.Build.0 = Release|Any CPU
		{A49E34C8-2FE1-4F49-A004-D91DF56D3FB1}.Release|x86.ActiveCfg = Release|Any CPU
		{A49E34C8-2FE1-4F49-A004-D91DF56D3FB1}.Release|x86.Build.0 = Release|Any CPU
		{FE2847FF-7CDD-4C15-85D3-A48A57C31DE6}.Debug|Any CPU.ActiveCfg = Debug|Any CPU
		{FE2847FF-7CDD-4C15-85D3-A48A57C31DE6}.Debug|Any CPU.Build.0 = Debug|Any CPU
		{FE2847FF-7CDD-4C15-85D3-A48A57C31DE6}.Debug|ARM.ActiveCfg = Debug|Any CPU
		{FE2847FF-7CDD-4C15-85D3-A48A57C31DE6}.Debug|ARM.Build.0 = Debug|Any CPU
		{FE2847FF-7CDD-4C15-85D3-A48A57C31DE6}.Debug|ARM64.ActiveCfg = Debug|Any CPU
		{FE2847FF-7CDD-4C15-85D3-A48A57C31DE6}.Debug|ARM64.Build.0 = Debug|Any CPU
		{FE2847FF-7CDD-4C15-85D3-A48A57C31DE6}.Debug|x64.ActiveCfg = Debug|Any CPU
		{FE2847FF-7CDD-4C15-85D3-A48A57C31DE6}.Debug|x64.Build.0 = Debug|Any CPU
		{FE2847FF-7CDD-4C15-85D3-A48A57C31DE6}.Debug|x86.ActiveCfg = Debug|Any CPU
		{FE2847FF-7CDD-4C15-85D3-A48A57C31DE6}.Debug|x86.Build.0 = Debug|Any CPU
		{FE2847FF-7CDD-4C15-85D3-A48A57C31DE6}.egg|Any CPU.ActiveCfg = Debug|Any CPU
		{FE2847FF-7CDD-4C15-85D3-A48A57C31DE6}.egg|Any CPU.Build.0 = Debug|Any CPU
		{FE2847FF-7CDD-4C15-85D3-A48A57C31DE6}.egg|ARM.ActiveCfg = Release|Any CPU
		{FE2847FF-7CDD-4C15-85D3-A48A57C31DE6}.egg|ARM.Build.0 = Release|Any CPU
		{FE2847FF-7CDD-4C15-85D3-A48A57C31DE6}.egg|ARM64.ActiveCfg = Release|Any CPU
		{FE2847FF-7CDD-4C15-85D3-A48A57C31DE6}.egg|ARM64.Build.0 = Release|Any CPU
		{FE2847FF-7CDD-4C15-85D3-A48A57C31DE6}.egg|x64.ActiveCfg = Release|Any CPU
		{FE2847FF-7CDD-4C15-85D3-A48A57C31DE6}.egg|x64.Build.0 = Release|Any CPU
		{FE2847FF-7CDD-4C15-85D3-A48A57C31DE6}.egg|x86.ActiveCfg = Release|Any CPU
		{FE2847FF-7CDD-4C15-85D3-A48A57C31DE6}.egg|x86.Build.0 = Release|Any CPU
		{FE2847FF-7CDD-4C15-85D3-A48A57C31DE6}.Release|Any CPU.ActiveCfg = Release|Any CPU
		{FE2847FF-7CDD-4C15-85D3-A48A57C31DE6}.Release|Any CPU.Build.0 = Release|Any CPU
		{FE2847FF-7CDD-4C15-85D3-A48A57C31DE6}.Release|ARM.ActiveCfg = Release|Any CPU
		{FE2847FF-7CDD-4C15-85D3-A48A57C31DE6}.Release|ARM.Build.0 = Release|Any CPU
		{FE2847FF-7CDD-4C15-85D3-A48A57C31DE6}.Release|ARM64.ActiveCfg = Release|Any CPU
		{FE2847FF-7CDD-4C15-85D3-A48A57C31DE6}.Release|ARM64.Build.0 = Release|Any CPU
		{FE2847FF-7CDD-4C15-85D3-A48A57C31DE6}.Release|x64.ActiveCfg = Release|Any CPU
		{FE2847FF-7CDD-4C15-85D3-A48A57C31DE6}.Release|x64.Build.0 = Release|Any CPU
		{FE2847FF-7CDD-4C15-85D3-A48A57C31DE6}.Release|x86.ActiveCfg = Release|Any CPU
		{FE2847FF-7CDD-4C15-85D3-A48A57C31DE6}.Release|x86.Build.0 = Release|Any CPU
		{3C59ECED-45BE-4A86-B46C-231B797BEABC}.Debug|Any CPU.ActiveCfg = Debug|Any CPU
		{3C59ECED-45BE-4A86-B46C-231B797BEABC}.Debug|Any CPU.Build.0 = Debug|Any CPU
		{3C59ECED-45BE-4A86-B46C-231B797BEABC}.Debug|ARM.ActiveCfg = Debug|Any CPU
		{3C59ECED-45BE-4A86-B46C-231B797BEABC}.Debug|ARM.Build.0 = Debug|Any CPU
		{3C59ECED-45BE-4A86-B46C-231B797BEABC}.Debug|ARM64.ActiveCfg = Debug|Any CPU
		{3C59ECED-45BE-4A86-B46C-231B797BEABC}.Debug|ARM64.Build.0 = Debug|Any CPU
		{3C59ECED-45BE-4A86-B46C-231B797BEABC}.Debug|x64.ActiveCfg = Debug|Any CPU
		{3C59ECED-45BE-4A86-B46C-231B797BEABC}.Debug|x64.Build.0 = Debug|Any CPU
		{3C59ECED-45BE-4A86-B46C-231B797BEABC}.Debug|x86.ActiveCfg = Debug|Any CPU
		{3C59ECED-45BE-4A86-B46C-231B797BEABC}.Debug|x86.Build.0 = Debug|Any CPU
		{3C59ECED-45BE-4A86-B46C-231B797BEABC}.egg|Any CPU.ActiveCfg = Debug|Any CPU
		{3C59ECED-45BE-4A86-B46C-231B797BEABC}.egg|Any CPU.Build.0 = Debug|Any CPU
		{3C59ECED-45BE-4A86-B46C-231B797BEABC}.egg|ARM.ActiveCfg = Release|Any CPU
		{3C59ECED-45BE-4A86-B46C-231B797BEABC}.egg|ARM.Build.0 = Release|Any CPU
		{3C59ECED-45BE-4A86-B46C-231B797BEABC}.egg|ARM64.ActiveCfg = Release|Any CPU
		{3C59ECED-45BE-4A86-B46C-231B797BEABC}.egg|ARM64.Build.0 = Release|Any CPU
		{3C59ECED-45BE-4A86-B46C-231B797BEABC}.egg|x64.ActiveCfg = Release|Any CPU
		{3C59ECED-45BE-4A86-B46C-231B797BEABC}.egg|x64.Build.0 = Release|Any CPU
		{3C59ECED-45BE-4A86-B46C-231B797BEABC}.egg|x86.ActiveCfg = Release|Any CPU
		{3C59ECED-45BE-4A86-B46C-231B797BEABC}.egg|x86.Build.0 = Release|Any CPU
		{3C59ECED-45BE-4A86-B46C-231B797BEABC}.Release|Any CPU.ActiveCfg = Release|Any CPU
		{3C59ECED-45BE-4A86-B46C-231B797BEABC}.Release|Any CPU.Build.0 = Release|Any CPU
		{3C59ECED-45BE-4A86-B46C-231B797BEABC}.Release|ARM.ActiveCfg = Release|Any CPU
		{3C59ECED-45BE-4A86-B46C-231B797BEABC}.Release|ARM.Build.0 = Release|Any CPU
		{3C59ECED-45BE-4A86-B46C-231B797BEABC}.Release|ARM64.ActiveCfg = Release|Any CPU
		{3C59ECED-45BE-4A86-B46C-231B797BEABC}.Release|ARM64.Build.0 = Release|Any CPU
		{3C59ECED-45BE-4A86-B46C-231B797BEABC}.Release|x64.ActiveCfg = Release|Any CPU
		{3C59ECED-45BE-4A86-B46C-231B797BEABC}.Release|x64.Build.0 = Release|Any CPU
		{3C59ECED-45BE-4A86-B46C-231B797BEABC}.Release|x86.ActiveCfg = Release|Any CPU
		{3C59ECED-45BE-4A86-B46C-231B797BEABC}.Release|x86.Build.0 = Release|Any CPU
		{517E770C-5197-4B6E-9FDD-0033642FB2A0}.Debug|Any CPU.ActiveCfg = Debug|x86
		{517E770C-5197-4B6E-9FDD-0033642FB2A0}.Debug|ARM.ActiveCfg = Debug|ARM
		{517E770C-5197-4B6E-9FDD-0033642FB2A0}.Debug|ARM.Build.0 = Debug|ARM
		{517E770C-5197-4B6E-9FDD-0033642FB2A0}.Debug|ARM.Deploy.0 = Debug|ARM
		{517E770C-5197-4B6E-9FDD-0033642FB2A0}.Debug|ARM64.ActiveCfg = Debug|ARM64
		{517E770C-5197-4B6E-9FDD-0033642FB2A0}.Debug|ARM64.Build.0 = Debug|ARM64
		{517E770C-5197-4B6E-9FDD-0033642FB2A0}.Debug|ARM64.Deploy.0 = Debug|ARM64
		{517E770C-5197-4B6E-9FDD-0033642FB2A0}.Debug|x64.ActiveCfg = Debug|x64
		{517E770C-5197-4B6E-9FDD-0033642FB2A0}.Debug|x64.Build.0 = Debug|x64
		{517E770C-5197-4B6E-9FDD-0033642FB2A0}.Debug|x64.Deploy.0 = Debug|x64
		{517E770C-5197-4B6E-9FDD-0033642FB2A0}.Debug|x86.ActiveCfg = Debug|x86
		{517E770C-5197-4B6E-9FDD-0033642FB2A0}.Debug|x86.Build.0 = Debug|x86
		{517E770C-5197-4B6E-9FDD-0033642FB2A0}.Debug|x86.Deploy.0 = Debug|x86
		{517E770C-5197-4B6E-9FDD-0033642FB2A0}.egg|Any CPU.ActiveCfg = Release|x64
		{517E770C-5197-4B6E-9FDD-0033642FB2A0}.egg|Any CPU.Build.0 = Release|x64
		{517E770C-5197-4B6E-9FDD-0033642FB2A0}.egg|Any CPU.Deploy.0 = Release|x64
		{517E770C-5197-4B6E-9FDD-0033642FB2A0}.egg|ARM.ActiveCfg = Release|ARM
		{517E770C-5197-4B6E-9FDD-0033642FB2A0}.egg|ARM.Build.0 = Release|ARM
		{517E770C-5197-4B6E-9FDD-0033642FB2A0}.egg|ARM.Deploy.0 = Release|ARM
		{517E770C-5197-4B6E-9FDD-0033642FB2A0}.egg|ARM64.ActiveCfg = Release|ARM64
		{517E770C-5197-4B6E-9FDD-0033642FB2A0}.egg|ARM64.Build.0 = Release|ARM64
		{517E770C-5197-4B6E-9FDD-0033642FB2A0}.egg|ARM64.Deploy.0 = Release|ARM64
		{517E770C-5197-4B6E-9FDD-0033642FB2A0}.egg|x64.ActiveCfg = Release|x64
		{517E770C-5197-4B6E-9FDD-0033642FB2A0}.egg|x64.Build.0 = Release|x64
		{517E770C-5197-4B6E-9FDD-0033642FB2A0}.egg|x64.Deploy.0 = Release|x64
		{517E770C-5197-4B6E-9FDD-0033642FB2A0}.egg|x86.ActiveCfg = Release|x86
		{517E770C-5197-4B6E-9FDD-0033642FB2A0}.egg|x86.Build.0 = Release|x86
		{517E770C-5197-4B6E-9FDD-0033642FB2A0}.egg|x86.Deploy.0 = Release|x86
		{517E770C-5197-4B6E-9FDD-0033642FB2A0}.Release|Any CPU.ActiveCfg = Release|x86
		{517E770C-5197-4B6E-9FDD-0033642FB2A0}.Release|ARM.ActiveCfg = Release|ARM
		{517E770C-5197-4B6E-9FDD-0033642FB2A0}.Release|ARM.Build.0 = Release|ARM
		{517E770C-5197-4B6E-9FDD-0033642FB2A0}.Release|ARM.Deploy.0 = Release|ARM
		{517E770C-5197-4B6E-9FDD-0033642FB2A0}.Release|ARM64.ActiveCfg = Release|ARM64
		{517E770C-5197-4B6E-9FDD-0033642FB2A0}.Release|ARM64.Build.0 = Release|ARM64
		{517E770C-5197-4B6E-9FDD-0033642FB2A0}.Release|ARM64.Deploy.0 = Release|ARM64
		{517E770C-5197-4B6E-9FDD-0033642FB2A0}.Release|x64.ActiveCfg = Release|x64
		{517E770C-5197-4B6E-9FDD-0033642FB2A0}.Release|x64.Build.0 = Release|x64
		{517E770C-5197-4B6E-9FDD-0033642FB2A0}.Release|x64.Deploy.0 = Release|x64
		{517E770C-5197-4B6E-9FDD-0033642FB2A0}.Release|x86.ActiveCfg = Release|x86
		{517E770C-5197-4B6E-9FDD-0033642FB2A0}.Release|x86.Build.0 = Release|x86
		{517E770C-5197-4B6E-9FDD-0033642FB2A0}.Release|x86.Deploy.0 = Release|x86
	EndGlobalSection
	GlobalSection(SolutionProperties) = preSolution
		HideSolutionNode = FALSE
	EndGlobalSection
	GlobalSection(ExtensibilityGlobals) = postSolution
		SolutionGuid = {9ACBE2E1-DFDD-42E8-A613-F2A3775C7B91}
	EndGlobalSection
EndGlobal
